
Microsoft Visual Studio Solution File, Format Version 12.00
# Visual Studio Version 16
VisualStudioVersion = 16.0.30717.126
MinimumVisualStudioVersion = 10.0.40219.1
Project("{FAE04EC0-301F-11D3-BF4B-00C04F79EFBC}") = "Sudoku_Git", "Sudoku_Git\Sudoku_Git.csproj", "{21533670-548E-48B2-8C60-94601A9FC880}"
EndProject
Global
	GlobalSection(SolutionConfigurationPlatforms) = preSolution
		Debug|Any CPU = Debug|Any CPU
		Release|Any CPU = Release|Any CPU
	EndGlobalSection
	GlobalSection(ProjectConfigurationPlatforms) = postSolution
		{21533670-548E-48B2-8C60-94601A9FC880}.Debug|Any CPU.ActiveCfg = Debug|Any CPU
		{21533670-548E-48B2-8C60-94601A9FC880}.Debug|Any CPU.Build.0 = Debug|Any CPU
		{21533670-548E-48B2-8C60-94601A9FC880}.Release|Any CPU.ActiveCfg = Release|Any CPU
		{21533670-548E-48B2-8C60-94601A9FC880}.Release|Any CPU.Build.0 = Release|Any CPU
	EndGlobalSection
	GlobalSection(SolutionProperties) = preSolution
		HideSolutionNode = FALSE
	EndGlobalSection
	GlobalSection(ExtensibilityGlobals) = postSolution
		SolutionGuid = {EA3B62C7-BF4E-4E47-97C6-BD0B50BFC728}
	EndGlobalSection
EndGlobal
